// !$*UTF8*$!
{
	archiveVersion = 1;
	classes = {
	};
	objectVersion = 60;
	objects = {

/* Begin PBXBuildFile section */
		AA000001000000000000001A /* DapApp.swift in Sources */ = {isa = PBXBuildFile; fileRef = AA000001000000000000001B /* DapApp.swift */; };
		AA000001000000000000002A /* AppRootView.swift in Sources */ = {isa = PBXBuildFile; fileRef = AA000001000000000000002B /* AppRootView.swift */; };
		AA000001000000000000003A /* GalleryView.swift in Sources */ = {isa = PBXBuildFile; fileRef = AA000001000000000000003B /* GalleryView.swift */; };
		AA000001000000000000003C /* PhotoInspectorView.swift in Sources */ = {isa = PBXBuildFile; fileRef = AA000001000000000000003D /* PhotoInspectorView.swift */; };
		AA000001000000000000004A /* JamView.swift in Sources */ = {isa = PBXBuildFile; fileRef = AA000001000000000000004B /* JamView.swift */; };
		AA000001000000000000004C /* JamArrangementBuilder.swift in Sources */ = {isa = PBXBuildFile; fileRef = AA000001000000000000004D /* JamArrangementBuilder.swift */; };
		AA0000010000000000000196 /* JamAssignments.swift in Sources */ = {isa = PBXBuildFile; fileRef = AA0000010000000000000197 /* JamAssignments.swift */; };
		AA0000010000000000000198 /* JamPhotoSelectorSheet.swift in Sources */ = {isa = PBXBuildFile; fileRef = AA0000010000000000000199 /* JamPhotoSelectorSheet.swift */; };
		AA000001000000000000017A /* JamGrooveLibrary.swift in Sources */ = {isa = PBXBuildFile; fileRef = AA000001000000000000017B /* JamGrooveLibrary.swift */; };
		AA000001000000000000005C /* CameraView.swift in Sources */ = {isa = PBXBuildFile; fileRef = AA000001000000000000005D /* CameraView.swift */; };
		AA0000010000000000000190 /* DapLavaLamp.metal in Sources */ = {isa = PBXBuildFile; fileRef = AA0000010000000000000191 /* DapLavaLamp.metal */; };
		AA000001000000000000006A /* Assets.xcassets in Resources */ = {isa = PBXBuildFile; fileRef = AA000001000000000000006B /* Assets.xcassets */; };
		AA000001000000000000018A /* Drums in Resources */ = {isa = PBXBuildFile; fileRef = AA000001000000000000018B /* Drums */; };
		AA0000010000000000000192 /* DapAnalogFamily in Resources */ = {isa = PBXBuildFile; fileRef = AA0000010000000000000193 /* DapAnalogFamily */; };
		AA000001000000000000010A /* PhotoSound.swift in Sources */ = {isa = PBXBuildFile; fileRef = AA000001000000000000010B /* PhotoSound.swift */; };
		AA000001000000000000011A /* PhotoMusicPipeline.swift in Sources */ = {isa = PBXBuildFile; fileRef = AA000001000000000000011B /* PhotoMusicPipeline.swift */; };
		AA000001000000000000012A /* RetroCoverRenderer.swift in Sources */ = {isa = PBXBuildFile; fileRef = AA000001000000000000012B /* RetroCoverRenderer.swift */; };
		AA000001000000000000013A /* PhotoStore.swift in Sources */ = {isa = PBXBuildFile; fileRef = AA000001000000000000013B /* PhotoStore.swift */; };
		AA000001000000000000014A /* MusicPlayer.swift in Sources */ = {isa = PBXBuildFile; fileRef = AA000001000000000000014B /* MusicPlayer.swift */; };
		AA000001000000000000015A /* PhotoLibraryViewModel.swift in Sources */ = {isa = PBXBuildFile; fileRef = AA000001000000000000015B /* PhotoLibraryViewModel.swift */; };
		AA000001000000000000016A /* PhotoMetadataGenerator.swift in Sources */ = {isa = PBXBuildFile; fileRef = AA000001000000000000016B /* PhotoMetadataGenerator.swift */; };
		AA000001000000000000018C /* DrumSampleLibrary.swift in Sources */ = {isa = PBXBuildFile; fileRef = AA000001000000000000018D /* DrumSampleLibrary.swift */; };
		AA0000010000000000000194 /* MelodicSampleLibrary.swift in Sources */ = {isa = PBXBuildFile; fileRef = AA0000010000000000000195 /* MelodicSampleLibrary.swift */; };
/* End PBXBuildFile section */

/* Begin PBXFileReference section */
		AA000001000000000000001B /* DapApp.swift */ = {isa = PBXFileReference; lastKnownFileType = sourcecode.swift; path = DapApp.swift; sourceTree = "<group>"; };
		AA000001000000000000002B /* AppRootView.swift */ = {isa = PBXFileReference; lastKnownFileType = sourcecode.swift; path = AppRootView.swift; sourceTree = "<group>"; };
		AA000001000000000000003B /* GalleryView.swift */ = {isa = PBXFileReference; lastKnownFileType = sourcecode.swift; path = GalleryView.swift; sourceTree = "<group>"; };
		AA000001000000000000003D /* PhotoInspectorView.swift */ = {isa = PBXFileReference; lastKnownFileType = sourcecode.swift; path = PhotoInspectorView.swift; sourceTree = "<group>"; };
		AA000001000000000000004B /* JamView.swift */ = {isa = PBXFileReference; lastKnownFileType = sourcecode.swift; path = JamView.swift; sourceTree = "<group>"; };
		AA000001000000000000004D /* JamArrangementBuilder.swift */ = {isa = PBXFileReference; lastKnownFileType = sourcecode.swift; path = JamArrangementBuilder.swift; sourceTree = "<group>"; };
		AA0000010000000000000197 /* JamAssignments.swift */ = {isa = PBXFileReference; lastKnownFileType = sourcecode.swift; path = JamAssignments.swift; sourceTree = "<group>"; };
		AA0000010000000000000199 /* JamPhotoSelectorSheet.swift */ = {isa = PBXFileReference; lastKnownFileType = sourcecode.swift; path = JamPhotoSelectorSheet.swift; sourceTree = "<group>"; };
		AA000001000000000000017B /* JamGrooveLibrary.swift */ = {isa = PBXFileReference; lastKnownFileType = sourcecode.swift; path = JamGrooveLibrary.swift; sourceTree = "<group>"; };
		AA000001000000000000005D /* CameraView.swift */ = {isa = PBXFileReference; lastKnownFileType = sourcecode.swift; path = CameraView.swift; sourceTree = "<group>"; };
		AA0000010000000000000191 /* DapLavaLamp.metal */ = {isa = PBXFileReference; lastKnownFileType = sourcecode.metal; path = DapLavaLamp.metal; sourceTree = "<group>"; };
		AA000001000000000000006B /* Assets.xcassets */ = {isa = PBXFileReference; lastKnownFileType = folder.assetcatalog; path = Assets.xcassets; sourceTree = "<group>"; };
		AA000001000000000000018B /* Drums */ = {isa = PBXFileReference; lastKnownFileType = folder; path = Drums; sourceTree = "<group>"; };
		AA0000010000000000000193 /* DapAnalogFamily */ = {isa = PBXFileReference; lastKnownFileType = folder; path = DapAnalogFamily; sourceTree = "<group>"; };
		AA000001000000000000007B /* Dap.app */ = {isa = PBXFileReference; explicitFileType = wrapper.application; includeInIndex = 0; path = Dap.app; sourceTree = BUILT_PRODUCTS_DIR; };
		AA000001000000000000008B /* Info.plist */ = {isa = PBXFileReference; lastKnownFileType = text.plist.xml; path = Info.plist; sourceTree = "<group>"; };
		AA000001000000000000010B /* PhotoSound.swift */ = {isa = PBXFileReference; lastKnownFileType = sourcecode.swift; path = PhotoSound.swift; sourceTree = "<group>"; };
		AA000001000000000000011B /* PhotoMusicPipeline.swift */ = {isa = PBXFileReference; lastKnownFileType = sourcecode.swift; path = PhotoMusicPipeline.swift; sourceTree = "<group>"; };
		AA000001000000000000012B /* RetroCoverRenderer.swift */ = {isa = PBXFileReference; lastKnownFileType = sourcecode.swift; path = RetroCoverRenderer.swift; sourceTree = "<group>"; };
		AA000001000000000000013B /* PhotoStore.swift */ = {isa = PBXFileReference; lastKnownFileType = sourcecode.swift; path = PhotoStore.swift; sourceTree = "<group>"; };
		AA000001000000000000014B /* MusicPlayer.swift */ = {isa = PBXFileReference; lastKnownFileType = sourcecode.swift; path = MusicPlayer.swift; sourceTree = "<group>"; };
		AA000001000000000000015B /* PhotoLibraryViewModel.swift */ = {isa = PBXFileReference; lastKnownFileType = sourcecode.swift; path = PhotoLibraryViewModel.swift; sourceTree = "<group>"; };
		AA000001000000000000016B /* PhotoMetadataGenerator.swift */ = {isa = PBXFileReference; lastKnownFileType = sourcecode.swift; path = PhotoMetadataGenerator.swift; sourceTree = "<group>"; };
		AA000001000000000000018D /* DrumSampleLibrary.swift */ = {isa = PBXFileReference; lastKnownFileType = sourcecode.swift; path = DrumSampleLibrary.swift; sourceTree = "<group>"; };
		AA0000010000000000000195 /* MelodicSampleLibrary.swift */ = {isa = PBXFileReference; lastKnownFileType = sourcecode.swift; path = MelodicSampleLibrary.swift; sourceTree = "<group>"; };
/* End PBXFileReference section */

/* Begin PBXFrameworksBuildPhase section */
		AA0000010000000000000070 /* Frameworks */ = {
			isa = PBXFrameworksBuildPhase;
			buildActionMask = 2147483647;
			files = (
			);
			runOnlyForDeploymentPostprocessing = 0;
		};
/* End PBXFrameworksBuildPhase section */

/* Begin PBXGroup section */
		AA0000010000000000000080 /* Products */ = {
			isa = PBXGroup;
			children = (
				AA000001000000000000007B /* Dap.app */,
			);
			name = Products;
			sourceTree = "<group>";
		};
		AA0000010000000000000090 = {
			isa = PBXGroup;
			children = (
				AA0000010000000000000091 /* Dap */,
				AA0000010000000000000080 /* Products */,
			);
			sourceTree = "<group>";
		};
		AA0000010000000000000091 /* Dap */ = {
			isa = PBXGroup;
			children = (
				AA0000010000000000000092 /* App */,
				AA0000010000000000000093 /* Features */,
				AA000001000000000000097 /* Models */,
				AA000001000000000000098 /* Services */,
				AA000001000000000000018E /* Resources */,
				AA000001000000000000006B /* Assets.xcassets */,
				AA000001000000000000008B /* Info.plist */,
			);
			path = Dap;
			sourceTree = "<group>";
		};
		AA0000010000000000000092 /* App */ = {
			isa = PBXGroup;
			children = (
				AA000001000000000000001B /* DapApp.swift */,
				AA000001000000000000002B /* AppRootView.swift */,
			);
			path = App;
			sourceTree = "<group>";
		};
		AA0000010000000000000093 /* Features */ = {
			isa = PBXGroup;
			children = (
				AA0000010000000000000094 /* Gallery */,
				AA0000010000000000000095 /* Jam */,
				AA0000010000000000000096 /* Capture */,
			);
			path = Features;
			sourceTree = "<group>";
		};
		AA0000010000000000000094 /* Gallery */ = {
			isa = PBXGroup;
			children = (
				AA000001000000000000003B /* GalleryView.swift */,
				AA000001000000000000003D /* PhotoInspectorView.swift */,
				AA000001000000000000015B /* PhotoLibraryViewModel.swift */,
			);
			path = Gallery;
			sourceTree = "<group>";
		};
		AA000001000000000000097 /* Models */ = {
			isa = PBXGroup;
			children = (
				AA000001000000000000010B /* PhotoSound.swift */,
			);
			path = Models;
			sourceTree = "<group>";
		};
		AA000001000000000000098 /* Services */ = {
			isa = PBXGroup;
			children = (
				AA000001000000000000011B /* PhotoMusicPipeline.swift */,
				AA000001000000000000012B /* RetroCoverRenderer.swift */,
				AA000001000000000000013B /* PhotoStore.swift */,
				AA000001000000000000014B /* MusicPlayer.swift */,
				AA0000010000000000000195 /* MelodicSampleLibrary.swift */,
				AA000001000000000000018D /* DrumSampleLibrary.swift */,
				AA000001000000000000016B /* PhotoMetadataGenerator.swift */,
			);
			path = Services;
			sourceTree = "<group>";
		};
		AA000001000000000000018E /* Resources */ = {
			isa = PBXGroup;
			children = (
				AA000001000000000000018F /* Audio */,
			);
			path = Resources;
			sourceTree = "<group>";
		};
		AA000001000000000000018F /* Audio */ = {
			isa = PBXGroup;
			children = (
				AA0000010000000000000193 /* DapAnalogFamily */,
				AA000001000000000000018B /* Drums */,
			);
			path = Audio;
			sourceTree = "<group>";
		};
		AA0000010000000000000095 /* Jam */ = {
			isa = PBXGroup;
			children = (
				AA0000010000000000000197 /* JamAssignments.swift */,
				AA000001000000000000004D /* JamArrangementBuilder.swift */,
				AA000001000000000000017B /* JamGrooveLibrary.swift */,
				AA0000010000000000000199 /* JamPhotoSelectorSheet.swift */,
				AA000001000000000000004B /* JamView.swift */,
			);
			path = Jam;
			sourceTree = "<group>";
		};
		AA0000010000000000000096 /* Capture */ = {
			isa = PBXGroup;
			children = (
				AA000001000000000000005D /* CameraView.swift */,
				AA0000010000000000000191 /* DapLavaLamp.metal */,
			);
			path = Capture;
			sourceTree = "<group>";
		};
/* End PBXGroup section */

/* Begin PBXNativeTarget section */
		AA0000010000000000000010 /* Dap */ = {
			isa = PBXNativeTarget;
			buildConfigurationList = AA0000010000000000000060 /* Build configuration list for PBXNativeTarget "Dap" */;
			buildPhases = (
				AA0000010000000000000050 /* Sources */,
				AA0000010000000000000070 /* Frameworks */,
				AA0000010000000000000051 /* Resources */,
			);
			buildRules = (
			);
			dependencies = (
			);
			name = Dap;
			productName = Dap;
			productReference = AA000001000000000000007B /* Dap.app */;
			productType = "com.apple.product-type.application";
		};
/* End PBXNativeTarget section */

/* Begin PBXProject section */
		AA0000010000000000000001 /* Project object */ = {
			isa = PBXProject;
			attributes = {
				BuildIndependentTargetsInParallel = 1;
				LastSwiftUpdateCheck = 1700;
				LastUpgradeCheck = 2650;
				TargetAttributes = {
					AA0000010000000000000010 = {
						CreatedOnToolsVersion = 17.0;
					};
				};
			};
			buildConfigurationList = AA0000010000000000000020 /* Build configuration list for PBXProject "DapNext" */;
			compatibilityVersion = "Xcode 15.0";
			developmentRegion = en;
			hasScannedForEncodings = 0;
			knownRegions = (
				en,
				Base,
			);
			mainGroup = AA0000010000000000000090;
			productRefGroup = AA0000010000000000000080 /* Products */;
			projectDirPath = "";
			projectRoot = "";
			targets = (
				AA0000010000000000000010 /* Dap */,
			);
		};
/* End PBXProject section */

/* Begin PBXResourcesBuildPhase section */
		AA0000010000000000000051 /* Resources */ = {
			isa = PBXResourcesBuildPhase;
			buildActionMask = 2147483647;
			files = (
				AA000001000000000000006A /* Assets.xcassets in Resources */,
				AA0000010000000000000192 /* DapAnalogFamily in Resources */,
				AA000001000000000000018A /* Drums in Resources */,
			);
			runOnlyForDeploymentPostprocessing = 0;
		};
/* End PBXResourcesBuildPhase section */

/* Begin PBXSourcesBuildPhase section */
		AA0000010000000000000050 /* Sources */ = {
			isa = PBXSourcesBuildPhase;
			buildActionMask = 2147483647;
			files = (
				AA000001000000000000001A /* DapApp.swift in Sources */,
				AA000001000000000000002A /* AppRootView.swift in Sources */,
				AA000001000000000000003A /* GalleryView.swift in Sources */,
				AA000001000000000000003C /* PhotoInspectorView.swift in Sources */,
				AA0000010000000000000196 /* JamAssignments.swift in Sources */,
				AA000001000000000000004C /* JamArrangementBuilder.swift in Sources */,
				AA000001000000000000017A /* JamGrooveLibrary.swift in Sources */,
				AA0000010000000000000198 /* JamPhotoSelectorSheet.swift in Sources */,
				AA000001000000000000004A /* JamView.swift in Sources */,
				AA000001000000000000005C /* CameraView.swift in Sources */,
				AA0000010000000000000190 /* DapLavaLamp.metal in Sources */,
				AA000001000000000000010A /* PhotoSound.swift in Sources */,
				AA000001000000000000011A /* PhotoMusicPipeline.swift in Sources */,
				AA000001000000000000012A /* RetroCoverRenderer.swift in Sources */,
				AA000001000000000000013A /* PhotoStore.swift in Sources */,
				AA000001000000000000014A /* MusicPlayer.swift in Sources */,
				AA0000010000000000000194 /* MelodicSampleLibrary.swift in Sources */,
				AA000001000000000000018C /* DrumSampleLibrary.swift in Sources */,
				AA000001000000000000015A /* PhotoLibraryViewModel.swift in Sources */,
				AA000001000000000000016A /* PhotoMetadataGenerator.swift in Sources */,
			);
			runOnlyForDeploymentPostprocessing = 0;
		};
/* End PBXSourcesBuildPhase section */

/* Begin XCBuildConfiguration section */
		AA0000010000000000000021 /* Debug */ = {
			isa = XCBuildConfiguration;
			buildSettings = {
				ALWAYS_SEARCH_USER_PATHS = NO;
				ASSETCATALOG_COMPILER_GENERATE_SWIFT_ASSET_SYMBOL_EXTENSIONS = YES;
				CLANG_ANALYZER_NONNULL = YES;
				CLANG_ANALYZER_NUMBER_OBJECT_CONVERSION = YES_AGGRESSIVE;
				CLANG_CXX_LANGUAGE_STANDARD = "gnu++20";
				CLANG_ENABLE_MODULES = YES;
				CLANG_ENABLE_OBJC_ARC = YES;
				CLANG_ENABLE_OBJC_WEAK = YES;
				CLANG_WARN_BLOCK_CAPTURE_AUTORELEASING = YES;
				CLANG_WARN_BOOL_CONVERSION = YES;
				CLANG_WARN_COMMA = YES;
				CLANG_WARN_CONSTANT_CONVERSION = YES;
				CLANG_WARN_DEPRECATED_OBJC_IMPLEMENTATIONS = YES;
				CLANG_WARN_DIRECT_OBJC_ISA_USAGE = YES_ERROR;
				CLANG_WARN_DOCUMENTATION_COMMENTS = YES;
				CLANG_WARN_EMPTY_BODY = YES;
				CLANG_WARN_ENUM_CONVERSION = YES;
				CLANG_WARN_INFINITE_RECURSION = YES;
				CLANG_WARN_INT_CONVERSION = YES;
				CLANG_WARN_NON_LITERAL_NULL_CONVERSION = YES;
				CLANG_WARN_OBJC_IMPLICIT_RETAIN_SELF = YES;
				CLANG_WARN_OBJC_LITERAL_CONVERSION = YES;
				CLANG_WARN_OBJC_ROOT_CLASS = YES_ERROR;
				CLANG_WARN_QUOTED_INCLUDE_IN_FRAMEWORK_HEADER = YES;
				CLANG_WARN_RANGE_LOOP_ANALYSIS = YES;
				CLANG_WARN_STRICT_PROTOTYPES = YES;
				CLANG_WARN_SUSPICIOUS_MOVE = YES;
				CLANG_WARN_UNGUARDED_AVAILABILITY = YES_AGGRESSIVE;
				CLANG_WARN_UNREACHABLE_CODE = YES;
				CLANG_WARN__DUPLICATE_METHOD_MATCH = YES;
				COPY_PHASE_STRIP = NO;
				DEBUG_INFORMATION_FORMAT = dwarf;
				DEVELOPMENT_TEAM = 3YFDTC5X3L;
				ENABLE_STRICT_OBJC_MSGSEND = YES;
				ENABLE_TESTABILITY = YES;
				ENABLE_USER_SCRIPT_SANDBOXING = YES;
				GCC_C_LANGUAGE_STANDARD = gnu17;
				GCC_DYNAMIC_NO_PIC = NO;
				GCC_NO_COMMON_BLOCKS = YES;
				GCC_OPTIMIZATION_LEVEL = 0;
				GCC_PREPROCESSOR_DEFINITIONS = (
					"DEBUG=1",
					"$(inherited)",
				);
				GCC_WARN_64_TO_32_BIT_CONVERSION = YES;
				GCC_WARN_ABOUT_RETURN_TYPE = YES_ERROR;
				GCC_WARN_UNDECLARED_SELECTOR = YES;
				GCC_WARN_UNINITIALIZED_AUTOS = YES_AGGRESSIVE;
				GCC_WARN_UNUSED_FUNCTION = YES;
				GCC_WARN_UNUSED_VARIABLE = YES;
				IPHONEOS_DEPLOYMENT_TARGET = 26.0;
				MTL_ENABLE_DEBUG_INFO = INCLUDE_SOURCE;
				MTL_FAST_MATH = YES;
				ONLY_ACTIVE_ARCH = YES;
				SDKROOT = iphoneos;
				STRING_CATALOG_GENERATE_SYMBOLS = YES;
				SWIFT_ACTIVE_COMPILATION_CONDITIONS = "DEBUG $(inherited)";
				SWIFT_OPTIMIZATION_LEVEL = "-Onone";
			};
			name = Debug;
		};
		AA0000010000000000000022 /* Release */ = {
			isa = XCBuildConfiguration;
			buildSettings = {
				ALWAYS_SEARCH_USER_PATHS = NO;
				ASSETCATALOG_COMPILER_GENERATE_SWIFT_ASSET_SYMBOL_EXTENSIONS = YES;
				CLANG_ANALYZER_NONNULL = YES;
				CLANG_ANALYZER_NUMBER_OBJECT_CONVERSION = YES_AGGRESSIVE;
				CLANG_CXX_LANGUAGE_STANDARD = "gnu++20";
				CLANG_ENABLE_MODULES = YES;
				CLANG_ENABLE_OBJC_ARC = YES;
				CLANG_ENABLE_OBJC_WEAK = YES;
				CLANG_WARN_BLOCK_CAPTURE_AUTORELEASING = YES;
				CLANG_WARN_BOOL_CONVERSION = YES;
				CLANG_WARN_COMMA = YES;
				CLANG_WARN_CONSTANT_CONVERSION = YES;
				CLANG_WARN_DEPRECATED_OBJC_IMPLEMENTATIONS = YES;
				CLANG_WARN_DIRECT_OBJC_ISA_USAGE = YES_ERROR;
				CLANG_WARN_DOCUMENTATION_COMMENTS = YES;
				CLANG_WARN_EMPTY_BODY = YES;
				CLANG_WARN_ENUM_CONVERSION = YES;
				CLANG_WARN_INFINITE_RECURSION = YES;
				CLANG_WARN_INT_CONVERSION = YES;
				CLANG_WARN_NON_LITERAL_NULL_CONVERSION = YES;
				CLANG_WARN_OBJC_IMPLICIT_RETAIN_SELF = YES;
				CLANG_WARN_OBJC_LITERAL_CONVERSION = YES;
				CLANG_WARN_OBJC_ROOT_CLASS = YES_ERROR;
				CLANG_WARN_QUOTED_INCLUDE_IN_FRAMEWORK_HEADER = YES;
				CLANG_WARN_RANGE_LOOP_ANALYSIS = YES;
				CLANG_WARN_STRICT_PROTOTYPES = YES;
				CLANG_WARN_SUSPICIOUS_MOVE = YES;
				CLANG_WARN_UNGUARDED_AVAILABILITY = YES_AGGRESSIVE;
				CLANG_WARN_UNREACHABLE_CODE = YES;
				CLANG_WARN__DUPLICATE_METHOD_MATCH = YES;
				COPY_PHASE_STRIP = NO;
				DEBUG_INFORMATION_FORMAT = "dwarf-with-dsym";
				DEVELOPMENT_TEAM = 3YFDTC5X3L;
				ENABLE_NS_ASSERTIONS = NO;
				ENABLE_STRICT_OBJC_MSGSEND = YES;
				ENABLE_USER_SCRIPT_SANDBOXING = YES;
				GCC_C_LANGUAGE_STANDARD = gnu17;
				GCC_NO_COMMON_BLOCKS = YES;
				GCC_WARN_64_TO_32_BIT_CONVERSION = YES;
				GCC_WARN_ABOUT_RETURN_TYPE = YES_ERROR;
				GCC_WARN_UNDECLARED_SELECTOR = YES;
				GCC_WARN_UNINITIALIZED_AUTOS = YES_AGGRESSIVE;
				GCC_WARN_UNUSED_FUNCTION = YES;
				GCC_WARN_UNUSED_VARIABLE = YES;
				IPHONEOS_DEPLOYMENT_TARGET = 26.0;
				MTL_FAST_MATH = YES;
				SDKROOT = iphoneos;
				STRING_CATALOG_GENERATE_SYMBOLS = YES;
				SWIFT_COMPILATION_MODE = wholemodule;
				VALIDATE_PRODUCT = YES;
			};
			name = Release;
		};
		AA0000010000000000000061 /* Debug */ = {
			isa = XCBuildConfiguration;
			buildSettings = {
				ASSETCATALOG_COMPILER_APPICON_NAME = AppIcon;
				ASSETCATALOG_COMPILER_GLOBAL_ACCENT_COLOR_NAME = AccentColor;
				CODE_SIGN_STYLE = Automatic;
				CURRENT_PROJECT_VERSION = 1;
				DEVELOPMENT_ASSET_PATHS = "";
				ENABLE_PREVIEWS = YES;
				GENERATE_INFOPLIST_FILE = NO;
				INFOPLIST_FILE = Dap/Info.plist;
				INFOPLIST_KEY_CFBundleDisplayName = Dap;
				INFOPLIST_KEY_UIApplicationSceneManifest_Generation = YES;
				INFOPLIST_KEY_UIApplicationSupportsIndirectInputEvents = YES;
				INFOPLIST_KEY_UILaunchScreen_Generation = YES;
				INFOPLIST_KEY_UISupportedInterfaceOrientations_iPhone = UIInterfaceOrientationPortrait;
				IPHONEOS_DEPLOYMENT_TARGET = 26.0;
				LD_RUNPATH_SEARCH_PATHS = (
					"$(inherited)",
					"@executable_path/Frameworks",
				);
				MARKETING_VERSION = 1.0;
				PRODUCT_BUNDLE_IDENTIFIER = com.pedrolima.DapNext;
				PRODUCT_NAME = "$(TARGET_NAME)";
				SDKROOT = iphoneos;
				SUPPORTED_PLATFORMS = iphoneos;
				SUPPORTS_MACCATALYST = NO;
				SWIFT_EMIT_LOC_STRINGS = YES;
				SWIFT_VERSION = 6.0;
				TARGETED_DEVICE_FAMILY = 1;
			};
			name = Debug;
		};
		AA0000010000000000000062 /* Release */ = {
			isa = XCBuildConfiguration;
			buildSettings = {
				ASSETCATALOG_COMPILER_APPICON_NAME = AppIcon;
				ASSETCATALOG_COMPILER_GLOBAL_ACCENT_COLOR_NAME = AccentColor;
				CODE_SIGN_STYLE = Automatic;
				CURRENT_PROJECT_VERSION = 1;
				DEVELOPMENT_ASSET_PATHS = "";
				ENABLE_PREVIEWS = YES;
				GENERATE_INFOPLIST_FILE = NO;
				INFOPLIST_FILE = Dap/Info.plist;
				INFOPLIST_KEY_CFBundleDisplayName = Dap;
				INFOPLIST_KEY_UIApplicationSceneManifest_Generation = YES;
				INFOPLIST_KEY_UIApplicationSupportsIndirectInputEvents = YES;
				INFOPLIST_KEY_UILaunchScreen_Generation = YES;
				INFOPLIST_KEY_UISupportedInterfaceOrientations_iPhone = UIInterfaceOrientationPortrait;
				IPHONEOS_DEPLOYMENT_TARGET = 26.0;
				LD_RUNPATH_SEARCH_PATHS = (
					"$(inherited)",
					"@executable_path/Frameworks",
				);
				MARKETING_VERSION = 1.0;
				PRODUCT_BUNDLE_IDENTIFIER = com.pedrolima.DapNext;
				PRODUCT_NAME = "$(TARGET_NAME)";
				SDKROOT = iphoneos;
				SUPPORTED_PLATFORMS = iphoneos;
				SUPPORTS_MACCATALYST = NO;
				SWIFT_EMIT_LOC_STRINGS = YES;
				SWIFT_VERSION = 6.0;
				TARGETED_DEVICE_FAMILY = 1;
			};
			name = Release;
		};
/* End XCBuildConfiguration section */

/* Begin XCConfigurationList section */
		AA0000010000000000000020 /* Build configuration list for PBXProject "DapNext" */ = {
			isa = XCConfigurationList;
			buildConfigurations = (
				AA0000010000000000000021 /* Debug */,
				AA0000010000000000000022 /* Release */,
			);
			defaultConfigurationIsVisible = 0;
			defaultConfigurationName = Release;
		};
		AA0000010000000000000060 /* Build configuration list for PBXNativeTarget "Dap" */ = {
			isa = XCConfigurationList;
			buildConfigurations = (
				AA0000010000000000000061 /* Debug */,
				AA0000010000000000000062 /* Release */,
			);
			defaultConfigurationIsVisible = 0;
			defaultConfigurationName = Release;
		};
/* End XCConfigurationList section */
	};
	rootObject = AA0000010000000000000001 /* Project object */;
}
